{
  "nodes": {
    "blueprint": {
      "inputs": {
        "nixpkgs": [
          "nixpkgs"
        ],
        "systems": "systems"
      },
      "locked": {
        "lastModified": 1761645416,
        "narHash": "sha256-wTQzbbQ6XHtvNJVuhJj+ytZDRyNtwUKbrIfIvMvKNfQ=",
        "owner": "numtide",
        "repo": "blueprint",
        "rev": "633af1961cae8e02bc6195e6e599a6b09bf75217",
        "type": "github"
      },
      "original": {
        "owner": "numtide",
        "repo": "blueprint",
        "type": "github"
      }
    },
    "devshell": {
      "inputs": {
        "nixpkgs": [
          "nixpkgs"
        ]
      },
      "locked": {
        "lastModified": 1741473158,
        "narHash": "sha256-kWNaq6wQUbUMlPgw8Y+9/9wP0F8SHkjy24/mN3UAppg=",
        "owner": "numtide",
        "repo": "devshell",
        "rev": "7c9e793ebe66bcba8292989a68c0419b737a22a0",
        "type": "github"
      },
      "original": {
        "owner": "numtide",
        "repo": "devshell",
        "type": "github"
      }
    },
    "nixpkgs": {
      "locked": {
        "lastModified": 1761470712,
        "narHash": "sha256-5bRIcZ2GZ+Wo3XrFVcFWGDIjycGp53B/9TNj1r4Iwsc=",
        "rev": "6a08e6bb4e46ff7fcbb53d409b253f6bad8a28ce",
        "type": "tarball",
        "url": "https://releases.nixos.org/nixos/unstable/nixos-25.11pre883951.6a08e6bb4e46/nixexprs.tar.xz?rev=6a08e6bb4e46ff7fcbb53d409b253f6bad8a28ce"
      },
      "original": {
        "type": "tarball",
        "url": "https://channels.nixos.org/nixos-unstable/nixexprs.tar.xz"
      }
    },
    "pyproject-build-systems": {
      "inputs": {
        "nixpkgs": [
          "nixpkgs"
        ],
        "pyproject-nix": [
          "pyproject-nix"
        ],
        "uv2nix": [
          "uv2nix"
        ]
      },
      "locked": {
        "lastModified": 1759113590,
        "narHash": "sha256-fgxP2RCN4cg0jYiMYoETYc7TZ2JjgyvJa2y9l8oSUFE=",
        "owner": "pyproject-nix",
        "repo": "build-system-pkgs",
        "rev": "dbfc0483b5952c6b86e36f8b3afeb9dde30ea4b5",
        "type": "github"
      },
      "original": {
        "owner": "pyproject-nix",
        "repo": "build-system-pkgs",
        "type": "github"
      }
    },
    "pyproject-nix": {
      "inputs": {
        "nixpkgs": [
          "nixpkgs"
        ]
      },
      "locked": {
        "lastModified": 1760402624,
        "narHash": "sha256-jF6UKLs2uGc2rtved8Vrt58oTWjTQoAssuYs/0578Z4=",
        "owner": "pyproject-nix",
        "repo": "pyproject.nix",
        "rev": "84c4ea102127c77058ea1ed7be7300261fafc7d2",
        "type": "github"
      },
      "original": {
        "owner": "pyproject-nix",
        "repo": "pyproject.nix",
        "type": "github"
      }
    },
    "root": {
      "inputs": {
        "blueprint": "blueprint",
        "devshell": "devshell",
        "nixpkgs": "nixpkgs",
        "pyproject-build-systems": "pyproject-build-systems",
        "pyproject-nix": "pyproject-nix",
        "uv2nix": "uv2nix"
      }
    },
    "systems": {
      "locked": {
        "lastModified": 1681028828,
        "narHash": "sha256-Vy1rq5AaRuLzOxct8nz4T6wlgyUR7zLU309k9mBC768=",
        "owner": "nix-systems",
        "repo": "default",
        "rev": "da67096a3b9bf56a91d16901293e51ba5b49a27e",
        "type": "github"
      },
      "original": {
        "owner": "nix-systems",
        "repo": "default",
        "type": "github"
      }
    },
    "uv2nix": {
      "inputs": {
        "nixpkgs": [
          "nixpkgs"
        ],
        "pyproject-nix": [
          "pyproject-nix"
        ]
      },
      "locked": {
        "lastModified": 1761527626,
        "narHash": "sha256-neDfvbpFlzUQfH9C+hVRUX0/RXUbJBidw4pFcdMYhZA=",
        "owner": "pyproject-nix",
        "repo": "uv2nix",
        "rev": "46a8e8bbb2d9e34b686329ac16e4a8861394f03a",
        "type": "github"
      },
      "original": {
        "owner": "pyproject-nix",
        "repo": "uv2nix",
        "type": "github"
      }
    }
  },
  "root": "root",
  "version": 7
}
